
Microsoft Visual Studio Solution File, Format Version 12.00
# Visual Studio 2012
Project("{FAE04EC0-301F-11D3-BF4B-00C04F79EFBC}") = "ImageOptimization", "ImageOptimization\ImageOptimization.csproj", "{46EE9422-DC2D-4789-A043-E419AA26CE2A}"
EndProject
Project("{FAE04EC0-301F-11D3-BF4B-00C04F79EFBC}") = "ImageOptimization.Tests", "ImageOptimization.Tests\ImageOptimization.Tests.csproj", "{268D0006-9DF5-479A-8707-ECE798CD34DC}"
EndProject
Project("{FAE04EC0-301F-11D3-BF4B-00C04F79EFBC}") = "ImageOptimizationWeb", "ImageOptimizationWeb\ImageOptimizationWeb.csproj", "{24932A80-DC16-4849-8FBF-50A9EDD2296F}"
EndProject
Global
	GlobalSection(SolutionConfigurationPlatforms) = preSolution
		Debug|Any CPU = Debug|Any CPU
		Release|Any CPU = Release|Any CPU
	EndGlobalSection
	GlobalSection(ProjectConfigurationPlatforms) = postSolution
		{46EE9422-DC2D-4789-A043-E419AA26CE2A}.Debug|Any CPU.ActiveCfg = Debug|Any CPU
		{46EE9422-DC2D-4789-A043-E419AA26CE2A}.Debug|Any CPU.Build.0 = Debug|Any CPU
		{46EE9422-DC2D-4789-A043-E419AA26CE2A}.Release|Any CPU.ActiveCfg = Release|Any CPU
		{46EE9422-DC2D-4789-A043-E419AA26CE2A}.Release|Any CPU.Build.0 = Release|Any CPU
		{268D0006-9DF5-479A-8707-ECE798CD34DC}.Debug|Any CPU.ActiveCfg = Debug|Any CPU
		{268D0006-9DF5-479A-8707-ECE798CD34DC}.Debug|Any CPU.Build.0 = Debug|Any CPU
		{268D0006-9DF5-479A-8707-ECE798CD34DC}.Release|Any CPU.ActiveCfg = Release|Any CPU
		{268D0006-9DF5-479A-8707-ECE798CD34DC}.Release|Any CPU.Build.0 = Release|Any CPU
		{24932A80-DC16-4849-8FBF-50A9EDD2296F}.Debug|Any CPU.ActiveCfg = Debug|Any CPU
		{24932A80-DC16-4849-8FBF-50A9EDD2296F}.Debug|Any CPU.Build.0 = Debug|Any CPU
		{24932A80-DC16-4849-8FBF-50A9EDD2296F}.Release|Any CPU.ActiveCfg = Release|Any CPU
		{24932A80-DC16-4849-8FBF-50A9EDD2296F}.Release|Any CPU.Build.0 = Release|Any CPU
	EndGlobalSection
	GlobalSection(SolutionProperties) = preSolution
		HideSolutionNode = FALSE
	EndGlobalSection
EndGlobal
